dependencies:
- name: flux2
  repository: https://fluxcd-community.github.io/helm-charts
  version: 2.16.3
- name: nvidia-device-plugin
  repository: https://nvidia.github.io/k8s-device-plugin
  version: 0.17.2
digest: sha256:428c5ab461af7a188e8002df0e585c58ddd9e81ffce62f1c5d06ffd312674d27
generated: "2025-09-16T16:34:11.062422807-04:00"
