dependencies:
- name: flux2
  repository: https://fluxcd-community.github.io/helm-charts
  version: 2.16.3
- name: nvidia-device-plugin
  repository: https://nvidia.github.io/k8s-device-plugin
  version: 0.17.2
- name: gpu-feature-discovery
  repository: https://nvidia.github.io/k8s-device-plugin
  version: 0.17.2
digest: sha256:87e04125b91b649d244d21f1a121ae66a653832721c95a020669f1a82086698f
generated: "2025-10-01T18:33:36.028631643-04:00"
