dependencies:
- name: flux2
  repository: https://fluxcd-community.github.io/helm-charts
  version: 2.16.3
- name: gpu-feature-discovery
  repository: https://nvidia.github.io/k8s-device-plugin
  version: 0.17.4
- name: local-csi-driver
  repository: oci://localcsidriver.azurecr.io/acstor/charts
  version: 0.2.18
- name: productionstack
  repository: oci://aitoolchainoperatoratcorp.azurecr.io/helm
  version: 0.3.1-20260717
digest: sha256:d1e7ea8b6c2a383563756488aff82c91022dfb0206e25484cd864b9dbfef50b0
generated: "2026-07-19T06:24:21.857811894Z"
